// !$*UTF8*$!
{
	archiveVersion = 1;
	classes = {
	};
	objectVersion = 56;
	objects = {

/* Begin PBXBuildFile section */
		5A707AE22C1C3C3D00304680 /* FireflyApp.swift in Sources */ = {isa = PBXBuildFile; fileRef = 5A707AE12C1C3C3D00304680 /* FireflyApp.swift */; };
		5A707AE42C1C3C3D00304680 /* ContentView.swift in Sources */ = {isa = PBXBuildFile; fileRef = 5A707AE32C1C3C3D00304680 /* ContentView.swift */; };
		5A707AE62C1C3C3F00304680 /* Assets.xcassets in Resources */ = {isa = PBXBuildFile; fileRef = 5A707AE52C1C3C3F00304680 /* Assets.xcassets */; };
		5A707AE92C1C3C3F00304680 /* Preview Assets.xcassets in Resources */ = {isa = PBXBuildFile; fileRef = 5A707AE82C1C3C3F00304680 /* Preview Assets.xcassets */; };
		5A707AF32C1C3C4000304680 /* FireflyTests.swift in Sources */ = {isa = PBXBuildFile; fileRef = 5A707AF22C1C3C4000304680 /* FireflyTests.swift */; };
		5A707AFD2C1C3C4000304680 /* FireflyUITests.swift in Sources */ = {isa = PBXBuildFile; fileRef = 5A707AFC2C1C3C4000304680 /* FireflyUITests.swift */; };
		5A707AFF2C1C3C4000304680 /* FireflyUITestsLaunchTests.swift in Sources */ = {isa = PBXBuildFile; fileRef = 5A707AFE2C1C3C4000304680 /* FireflyUITestsLaunchTests.swift */; };
/* End PBXBuildFile section */

/* Begin PBXContainerItemProxy section */
		5A707AEF2C1C3C4000304680 /* PBXContainerItemProxy */ = {
			isa = PBXContainerItemProxy;
			containerPortal = 5A707AD62C1C3C3D00304680 /* Project object */;
			proxyType = 1;
			remoteGlobalIDString = 5A707ADD2C1C3C3D00304680;
			remoteInfo = Firefly;
		};
		5A707AF92C1C3C4000304680 /* PBXContainerItemProxy */ = {
			isa = PBXContainerItemProxy;
			containerPortal = 5A707AD62C1C3C3D00304680 /* Project object */;
			proxyType = 1;
			remoteGlobalIDString = 5A707ADD2C1C3C3D00304680;
			remoteInfo = Firefly;
		};
/* End PBXContainerItemProxy section */

/* Begin PBXFileReference section */
		5A707ADE2C1C3C3D00304680 /* Firefly.app */ = {isa = PBXFileReference; explicitFileType = wrapper.application; includeInIndex = 0; path = Firefly.app; sourceTree = BUILT_PRODUCTS_DIR; };
		5A707AE12C1C3C3D00304680 /* FireflyApp.swift */ = {isa = PBXFileReference; lastKnownFileType = sourcecode.swift; path = FireflyApp.swift; sourceTree = "<group>"; };
		5A707AE32C1C3C3D00304680 /* ContentView.swift */ = {isa = PBXFileReference; lastKnownFileType = sourcecode.swift; path = ContentView.swift; sourceTree = "<group>"; };
		5A707AE52C1C3C3F00304680 /* Assets.xcassets */ = {isa = PBXFileReference; lastKnownFileType = folder.assetcatalog; path = Assets.xcassets; sourceTree = "<group>"; };
		5A707AE82C1C3C3F00304680 /* Preview Assets.xcassets */ = {isa = PBXFileReference; lastKnownFileType = folder.assetcatalog; path = "Preview Assets.xcassets"; sourceTree = "<group>"; };
		5A707AEE2C1C3C4000304680 /* FireflyTests.xctest */ = {isa = PBXFileReference; explicitFileType = wrapper.cfbundle; includeInIndex = 0; path = FireflyTests.xctest; sourceTree = BUILT_PRODUCTS_DIR; };
		5A707AF22C1C3C4000304680 /* FireflyTests.swift */ = {isa = PBXFileReference; lastKnownFileType = sourcecode.swift; path = FireflyTests.swift; sourceTree = "<group>"; };
		5A707AF82C1C3C4000304680 /* FireflyUITests.xctest */ = {isa = PBXFileReference; explicitFileType = wrapper.cfbundle; includeInIndex = 0; path = FireflyUITests.xctest; sourceTree = BUILT_PRODUCTS_DIR; };
		5A707AFC2C1C3C4000304680 /* FireflyUITests.swift */ = {isa = PBXFileReference; lastKnownFileType = sourcecode.swift; path = FireflyUITests.swift; sourceTree = "<group>"; };
		5A707AFE2C1C3C4000304680 /* FireflyUITestsLaunchTests.swift */ = {isa = PBXFileReference; lastKnownFileType = sourcecode.swift; path = FireflyUITestsLaunchTests.swift; sourceTree = "<group>"; };
/* End PBXFileReference section */

/* Begin PBXFrameworksBuildPhase section */
		5A707ADB2C1C3C3D00304680 /* Frameworks */ = {
			isa = PBXFrameworksBuildPhase;
			buildActionMask = 2147483647;
			files = (
			);
			runOnlyForDeploymentPostprocessing = 0;
		};
		5A707AEB2C1C3C4000304680 /* Frameworks */ = {
			isa = PBXFrameworksBuildPhase;
			buildActionMask = 2147483647;
			files = (
			);
			runOnlyForDeploymentPostprocessing = 0;
		};
		5A707AF52C1C3C4000304680 /* Frameworks */ = {
			isa = PBXFrameworksBuildPhase;
			buildActionMask = 2147483647;
			files = (
			);
			runOnlyForDeploymentPostprocessing = 0;
		};
/* End PBXFrameworksBuildPhase section */

/* Begin PBXGroup section */
		5A707AD52C1C3C3D00304680 = {
			isa = PBXGroup;
			children = (
				5A707AE02C1C3C3D00304680 /* Firefly */,
				5A707AF12C1C3C4000304680 /* FireflyTests */,
				5A707AFB2C1C3C4000304680 /* FireflyUITests */,
				5A707ADF2C1C3C3D00304680 /* Products */,
			);
			sourceTree = "<group>";
		};
		5A707ADF2C1C3C3D00304680 /* Products */ = {
			isa = PBXGroup;
			children = (
				5A707ADE2C1C3C3D00304680 /* Firefly.app */,
				5A707AEE2C1C3C4000304680 /* FireflyTests.xctest */,
				5A707AF82C1C3C4000304680 /* FireflyUITests.xctest */,
			);
			name = Products;
			sourceTree = "<group>";
		};
		5A707AE02C1C3C3D00304680 /* Firefly */ = {
			isa = PBXGroup;
			children = (
				5A707AE12C1C3C3D00304680 /* FireflyApp.swift */,
				5A707AE32C1C3C3D00304680 /* ContentView.swift */,
				5A707AE52C1C3C3F00304680 /* Assets.xcassets */,
				5A707AE72C1C3C3F00304680 /* Preview Content */,
			);
			path = Firefly;
			sourceTree = "<group>";
		};
		5A707AE72C1C3C3F00304680 /* Preview Content */ = {
			isa = PBXGroup;
			children = (
				5A707AE82C1C3C3F00304680 /* Preview Assets.xcassets */,
			);
			path = "Preview Content";
			sourceTree = "<group>";
		};
		5A707AF12C1C3C4000304680 /* FireflyTests */ = {
			isa = PBXGroup;
			children = (
				5A707AF22C1C3C4000304680 /* FireflyTests.swift */,
			);
			path = FireflyTests;
			sourceTree = "<group>";
		};
		5A707AFB2C1C3C4000304680 /* FireflyUITests */ = {
			isa = PBXGroup;
			children = (
				5A707AFC2C1C3C4000304680 /* FireflyUITests.swift */,
				5A707AFE2C1C3C4000304680 /* FireflyUITestsLaunchTests.swift */,
			);
			path = FireflyUITests;
			sourceTree = "<group>";
		};
/* End PBXGroup section */

/* Begin PBXNativeTarget section */
		5A707ADD2C1C3C3D00304680 /* Firefly */ = {
			isa = PBXNativeTarget;
			buildConfigurationList = 5A707B022C1C3C4000304680 /* Build configuration list for PBXNativeTarget "Firefly" */;
			buildPhases = (
				5A707ADA2C1C3C3D00304680 /* Sources */,
				5A707ADB2C1C3C3D00304680 /* Frameworks */,
				5A707ADC2C1C3C3D00304680 /* Resources */,
			);
			buildRules = (
			);
			dependencies = (
			);
			name = Firefly;
			productName = Firefly;
			productReference = 5A707ADE2C1C3C3D00304680 /* Firefly.app */;
			productType = "com.apple.product-type.application";
		};
		5A707AED2C1C3C4000304680 /* FireflyTests */ = {
			isa = PBXNativeTarget;
			buildConfigurationList = 5A707B052C1C3C4000304680 /* Build configuration list for PBXNativeTarget "FireflyTests" */;
			buildPhases = (
				5A707AEA2C1C3C4000304680 /* Sources */,
				5A707AEB2C1C3C4000304680 /* Frameworks */,
				5A707AEC2C1C3C4000304680 /* Resources */,
			);
			buildRules = (
			);
			dependencies = (
				5A707AF02C1C3C4000304680 /* PBXTargetDependency */,
			);
			name = FireflyTests;
			productName = FireflyTests;
			productReference = 5A707AEE2C1C3C4000304680 /* FireflyTests.xctest */;
			productType = "com.apple.product-type.bundle.unit-test";
		};
		5A707AF72C1C3C4000304680 /* FireflyUITests */ = {
			isa = PBXNativeTarget;
			buildConfigurationList = 5A707B082C1C3C4000304680 /* Build configuration list for PBXNativeTarget "FireflyUITests" */;
			buildPhases = (
				5A707AF42C1C3C4000304680 /* Sources */,
				5A707AF52C1C3C4000304680 /* Frameworks */,
				5A707AF62C1C3C4000304680 /* Resources */,
			);
			buildRules = (
			);
			dependencies = (
				5A707AFA2C1C3C4000304680 /* PBXTargetDependency */,
			);
			name = FireflyUITests;
			productName = FireflyUITests;
			productReference = 5A707AF82C1C3C4000304680 /* FireflyUITests.xctest */;
			productType = "com.apple.product-type.bundle.ui-testing";
		};
/* End PBXNativeTarget section */

/* Begin PBXProject section */
		5A707AD62C1C3C3D00304680 /* Project object */ = {
			isa = PBXProject;
			attributes = {
				BuildIndependentTargetsInParallel = 1;
				LastSwiftUpdateCheck = 1520;
				LastUpgradeCheck = 1520;
				TargetAttributes = {
					5A707ADD2C1C3C3D00304680 = {
						CreatedOnToolsVersion = 15.2;
					};
					5A707AED2C1C3C4000304680 = {
						CreatedOnToolsVersion = 15.2;
						TestTargetID = 5A707ADD2C1C3C3D00304680;
					};
					5A707AF72C1C3C4000304680 = {
						CreatedOnToolsVersion = 15.2;
						TestTargetID = 5A707ADD2C1C3C3D00304680;
					};
				};
			};
			buildConfigurationList = 5A707AD92C1C3C3D00304680 /* Build configuration list for PBXProject "Firefly" */;
			compatibilityVersion = "Xcode 14.0";
			developmentRegion = en;
			hasScannedForEncodings = 0;
			knownRegions = (
				en,
				Base,
			);
			mainGroup = 5A707AD52C1C3C3D00304680;
			productRefGroup = 5A707ADF2C1C3C3D00304680 /* Products */;
			projectDirPath = "";
			projectRoot = "";
			targets = (
				5A707ADD2C1C3C3D00304680 /* Firefly */,
				5A707AED2C1C3C4000304680 /* FireflyTests */,
				5A707AF72C1C3C4000304680 /* FireflyUITests */,
			);
		};
/* End PBXProject section */

/* Begin PBXResourcesBuildPhase section */
		5A707ADC2C1C3C3D00304680 /* Resources */ = {
			isa = PBXResourcesBuildPhase;
			buildActionMask = 2147483647;
			files = (
				5A707AE92C1C3C3F00304680 /* Preview Assets.xcassets in Resources */,
				5A707AE62C1C3C3F00304680 /* Assets.xcassets in Resources */,
			);
			runOnlyForDeploymentPostprocessing = 0;
		};
		5A707AEC2C1C3C4000304680 /* Resources */ = {
			isa = PBXResourcesBuildPhase;
			buildActionMask = 2147483647;
			files = (
			);
			runOnlyForDeploymentPostprocessing = 0;
		};
		5A707AF62C1C3C4000304680 /* Resources */ = {
			isa = PBXResourcesBuildPhase;
			buildActionMask = 2147483647;
			files = (
			);
			runOnlyForDeploymentPostprocessing = 0;
		};
/* End PBXResourcesBuildPhase section */

/* Begin PBXSourcesBuildPhase section */
		5A707ADA2C1C3C3D00304680 /* Sources */ = {
			isa = PBXSourcesBuildPhase;
			buildActionMask = 2147483647;
			files = (
				5A707AE42C1C3C3D00304680 /* ContentView.swift in Sources */,
				5A707AE22C1C3C3D00304680 /* FireflyApp.swift in Sources */,
			);
			runOnlyForDeploymentPostprocessing = 0;
		};
		5A707AEA2C1C3C4000304680 /* Sources */ = {
			isa = PBXSourcesBuildPhase;
			buildActionMask = 2147483647;
			files = (
				5A707AF32C1C3C4000304680 /* FireflyTests.swift in Sources */,
			);
			runOnlyForDeploymentPostprocessing = 0;
		};
		5A707AF42C1C3C4000304680 /* Sources */ = {
			isa = PBXSourcesBuildPhase;
			buildActionMask = 2147483647;
			files = (
				5A707AFF2C1C3C4000304680 /* FireflyUITestsLaunchTests.swift in Sources */,
				5A707AFD2C1C3C4000304680 /* FireflyUITests.swift in Sources */,
			);
			runOnlyForDeploymentPostprocessing = 0;
		};
/* End PBXSourcesBuildPhase section */

/* Begin PBXTargetDependency section */
		5A707AF02C1C3C4000304680 /* PBXTargetDependency */ = {
			isa = PBXTargetDependency;
			target = 5A707ADD2C1C3C3D00304680 /* Firefly */;
			targetProxy = 5A707AEF2C1C3C4000304680 /* PBXContainerItemProxy */;
		};
		5A707AFA2C1C3C4000304680 /* PBXTargetDependency */ = {
			isa = PBXTargetDependency;
			target = 5A707ADD2C1C3C3D00304680 /* Firefly */;
			targetProxy = 5A707AF92C1C3C4000304680 /* PBXContainerItemProxy */;
		};
/* End PBXTargetDependency section */

/* Begin XCBuildConfiguration section */
		5A707B002C1C3C4000304680 /* Debug */ = {
			isa = XCBuildConfiguration;
			buildSettings = {
				ALWAYS_SEARCH_USER_PATHS = NO;
				ASSETCATALOG_COMPILER_GENERATE_SWIFT_ASSET_SYMBOL_EXTENSIONS = YES;
				CLANG_ANALYZER_NONNULL = YES;
				CLANG_ANALYZER_NUMBER_OBJECT_CONVERSION = YES_AGGRESSIVE;
				CLANG_CXX_LANGUAGE_STANDARD = "gnu++20";
				CLANG_ENABLE_MODULES = YES;
				CLANG_ENABLE_OBJC_ARC = YES;
				CLANG_ENABLE_OBJC_WEAK = YES;
				CLANG_WARN_BLOCK_CAPTURE_AUTORELEASING = YES;
				CLANG_WARN_BOOL_CONVERSION = YES;
				CLANG_WARN_COMMA = YES;
				CLANG_WARN_CONSTANT_CONVERSION = YES;
				CLANG_WARN_DEPRECATED_OBJC_IMPLEMENTATIONS = YES;
				CLANG_WARN_DIRECT_OBJC_ISA_USAGE = YES_ERROR;
				CLANG_WARN_DOCUMENTATION_COMMENTS = YES;
				CLANG_WARN_EMPTY_BODY = YES;
				CLANG_WARN_ENUM_CONVERSION = YES;
				CLANG_WARN_INFINITE_RECURSION = YES;
				CLANG_WARN_INT_CONVERSION = YES;
				CLANG_WARN_NON_LITERAL_NULL_CONVERSION = YES;
				CLANG_WARN_OBJC_IMPLICIT_RETAIN_SELF = YES;
				CLANG_WARN_OBJC_LITERAL_CONVERSION = YES;
				CLANG_WARN_OBJC_ROOT_CLASS = YES_ERROR;
				CLANG_WARN_QUOTED_INCLUDE_IN_FRAMEWORK_HEADER = YES;
				CLANG_WARN_RANGE_LOOP_ANALYSIS = YES;
				CLANG_WARN_STRICT_PROTOTYPES = YES;
				CLANG_WARN_SUSPICIOUS_MOVE = YES;
				CLANG_WARN_UNGUARDED_AVAILABILITY = YES_AGGRESSIVE;
				CLANG_WARN_UNREACHABLE_CODE = YES;
				CLANG_WARN__DUPLICATE_METHOD_MATCH = YES;
				COPY_PHASE_STRIP = NO;
				DEBUG_INFORMATION_FORMAT = dwarf;
				ENABLE_STRICT_OBJC_MSGSEND = YES;
				ENABLE_TESTABILITY = YES;
				ENABLE_USER_SCRIPT_SANDBOXING = YES;
				GCC_C_LANGUAGE_STANDARD = gnu17;
				GCC_DYNAMIC_NO_PIC = NO;
				GCC_NO_COMMON_BLOCKS = YES;
				GCC_OPTIMIZATION_LEVEL = 0;
				GCC_PREPROCESSOR_DEFINITIONS = (
					"DEBUG=1",
					"$(inherited)",
				);
				GCC_WARN_64_TO_32_BIT_CONVERSION = YES;
				GCC_WARN_ABOUT_RETURN_TYPE = YES_ERROR;
				GCC_WARN_UNDECLARED_SELECTOR = YES;
				GCC_WARN_UNINITIALIZED_AUTOS = YES_AGGRESSIVE;
				GCC_WARN_UNUSED_FUNCTION = YES;
				GCC_WARN_UNUSED_VARIABLE = YES;
				IPHONEOS_DEPLOYMENT_TARGET = 17.2;
				LOCALIZATION_PREFERS_STRING_CATALOGS = YES;
				MTL_ENABLE_DEBUG_INFO = INCLUDE_SOURCE;
				MTL_FAST_MATH = YES;
				ONLY_ACTIVE_ARCH = YES;
				SDKROOT = iphoneos;
				SWIFT_ACTIVE_COMPILATION_CONDITIONS = "DEBUG $(inherited)";
				SWIFT_OPTIMIZATION_LEVEL = "-Onone";
			};
			name = Debug;
		};
		5A707B012C1C3C4000304680 /* Release */ = {
			isa = XCBuildConfiguration;
			buildSettings = {
				ALWAYS_SEARCH_USER_PATHS = NO;
				ASSETCATALOG_COMPILER_GENERATE_SWIFT_ASSET_SYMBOL_EXTENSIONS = YES;
				CLANG_ANALYZER_NONNULL = YES;
				CLANG_ANALYZER_NUMBER_OBJECT_CONVERSION = YES_AGGRESSIVE;
				CLANG_CXX_LANGUAGE_STANDARD = "gnu++20";
				CLANG_ENABLE_MODULES = YES;
				CLANG_ENABLE_OBJC_ARC = YES;
				CLANG_ENABLE_OBJC_WEAK = YES;
				CLANG_WARN_BLOCK_CAPTURE_AUTORELEASING = YES;
				CLANG_WARN_BOOL_CONVERSION = YES;
				CLANG_WARN_COMMA = YES;
				CLANG_WARN_CONSTANT_CONVERSION = YES;
				CLANG_WARN_DEPRECATED_OBJC_IMPLEMENTATIONS = YES;
				CLANG_WARN_DIRECT_OBJC_ISA_USAGE = YES_ERROR;
				CLANG_WARN_DOCUMENTATION_COMMENTS = YES;
				CLANG_WARN_EMPTY_BODY = YES;
				CLANG_WARN_ENUM_CONVERSION = YES;
				CLANG_WARN_INFINITE_RECURSION = YES;
				CLANG_WARN_INT_CONVERSION = YES;
				CLANG_WARN_NON_LITERAL_NULL_CONVERSION = YES;
				CLANG_WARN_OBJC_IMPLICIT_RETAIN_SELF = YES;
				CLANG_WARN_OBJC_LITERAL_CONVERSION = YES;
				CLANG_WARN_OBJC_ROOT_CLASS = YES_ERROR;
				CLANG_WARN_QUOTED_INCLUDE_IN_FRAMEWORK_HEADER = YES;
				CLANG_WARN_RANGE_LOOP_ANALYSIS = YES;
				CLANG_WARN_STRICT_PROTOTYPES = YES;
				CLANG_WARN_SUSPICIOUS_MOVE = YES;
				CLANG_WARN_UNGUARDED_AVAILABILITY = YES_AGGRESSIVE;
				CLANG_WARN_UNREACHABLE_CODE = YES;
				CLANG_WARN__DUPLICATE_METHOD_MATCH = YES;
				COPY_PHASE_STRIP = NO;
				DEBUG_INFORMATION_FORMAT = "dwarf-with-dsym";
				ENABLE_NS_ASSERTIONS = NO;
				ENABLE_STRICT_OBJC_MSGSEND = YES;
				ENABLE_USER_SCRIPT_SANDBOXING = YES;
				GCC_C_LANGUAGE_STANDARD = gnu17;
				GCC_NO_COMMON_BLOCKS = YES;
				GCC_WARN_64_TO_32_BIT_CONVERSION = YES;
				GCC_WARN_ABOUT_RETURN_TYPE = YES_ERROR;
				GCC_WARN_UNDECLARED_SELECTOR = YES;
				GCC_WARN_UNINITIALIZED_AUTOS = YES_AGGRESSIVE;
				GCC_WARN_UNUSED_FUNCTION = YES;
				GCC_WARN_UNUSED_VARIABLE = YES;
				IPHONEOS_DEPLOYMENT_TARGET = 17.2;
				LOCALIZATION_PREFERS_STRING_CATALOGS = YES;
				MTL_ENABLE_DEBUG_INFO = NO;
				MTL_FAST_MATH = YES;
				SDKROOT = iphoneos;
				SWIFT_COMPILATION_MODE = wholemodule;
				VALIDATE_PRODUCT = YES;
			};
			name = Release;
		};
		5A707B032C1C3C4000304680 /* Debug */ = {
			isa = XCBuildConfiguration;
			buildSettings = {
				ASSETCATALOG_COMPILER_APPICON_NAME = AppIcon;
				ASSETCATALOG_COMPILER_GLOBAL_ACCENT_COLOR_NAME = AccentColor;
				CODE_SIGN_STYLE = Automatic;
				CURRENT_PROJECT_VERSION = 1;
				DEVELOPMENT_ASSET_PATHS = "\"Firefly/Preview Content\"";
				ENABLE_PREVIEWS = YES;
				GENERATE_INFOPLIST_FILE = YES;
				INFOPLIST_KEY_UIApplicationSceneManifest_Generation = YES;
				INFOPLIST_KEY_UIApplicationSupportsIndirectInputEvents = YES;
				INFOPLIST_KEY_UILaunchScreen_Generation = YES;
				INFOPLIST_KEY_UISupportedInterfaceOrientations_iPad = "UIInterfaceOrientationPortrait UIInterfaceOrientationPortraitUpsideDown UIInterfaceOrientationLandscapeLeft UIInterfaceOrientationLandscapeRight";
				INFOPLIST_KEY_UISupportedInterfaceOrientations_iPhone = "UIInterfaceOrientationPortrait UIInterfaceOrientationLandscapeLeft UIInterfaceOrientationLandscapeRight";
				LD_RUNPATH_SEARCH_PATHS = (
					"$(inherited)",
					"@executable_path/Frameworks",
				);
				MARKETING_VERSION = 1.0;
				PRODUCT_BUNDLE_IDENTIFIER = com.micko.Firefly;
				PRODUCT_NAME = "$(TARGET_NAME)";
				SWIFT_EMIT_LOC_STRINGS = YES;
				SWIFT_VERSION = 5.0;
				TARGETED_DEVICE_FAMILY = "1,2";
			};
			name = Debug;
		};
		5A707B042C1C3C4000304680 /* Release */ = {
			isa = XCBuildConfiguration;
			buildSettings = {
				ASSETCATALOG_COMPILER_APPICON_NAME = AppIcon;
				ASSETCATALOG_COMPILER_GLOBAL_ACCENT_COLOR_NAME = AccentColor;
				CODE_SIGN_STYLE = Automatic;
				CURRENT_PROJECT_VERSION = 1;
				DEVELOPMENT_ASSET_PATHS = "\"Firefly/Preview Content\"";
				ENABLE_PREVIEWS = YES;
				GENERATE_INFOPLIST_FILE = YES;
				INFOPLIST_KEY_UIApplicationSceneManifest_Generation = YES;
				INFOPLIST_KEY_UIApplicationSupportsIndirectInputEvents = YES;
				INFOPLIST_KEY_UILaunchScreen_Generation = YES;
				INFOPLIST_KEY_UISupportedInterfaceOrientations_iPad = "UIInterfaceOrientationPortrait UIInterfaceOrientationPortraitUpsideDown UIInterfaceOrientationLandscapeLeft UIInterfaceOrientationLandscapeRight";
				INFOPLIST_KEY_UISupportedInterfaceOrientations_iPhone = "UIInterfaceOrientationPortrait UIInterfaceOrientationLandscapeLeft UIInterfaceOrientationLandscapeRight";
				LD_RUNPATH_SEARCH_PATHS = (
					"$(inherited)",
					"@executable_path/Frameworks",
				);
				MARKETING_VERSION = 1.0;
				PRODUCT_BUNDLE_IDENTIFIER = com.micko.Firefly;
				PRODUCT_NAME = "$(TARGET_NAME)";
				SWIFT_EMIT_LOC_STRINGS = YES;
				SWIFT_VERSION = 5.0;
				TARGETED_DEVICE_FAMILY = "1,2";
			};
			name = Release;
		};
		5A707B062C1C3C4000304680 /* Debug */ = {
			isa = XCBuildConfiguration;
			buildSettings = {
				ALWAYS_EMBED_SWIFT_STANDARD_LIBRARIES = YES;
				BUNDLE_LOADER = "$(TEST_HOST)";
				CODE_SIGN_STYLE = Automatic;
				CURRENT_PROJECT_VERSION = 1;
				GENERATE_INFOPLIST_FILE = YES;
				IPHONEOS_DEPLOYMENT_TARGET = 17.2;
				MARKETING_VERSION = 1.0;
				PRODUCT_BUNDLE_IDENTIFIER = com.micko.FireflyTests;
				PRODUCT_NAME = "$(TARGET_NAME)";
				SWIFT_EMIT_LOC_STRINGS = NO;
				SWIFT_VERSION = 5.0;
				TARGETED_DEVICE_FAMILY = "1,2";
				TEST_HOST = "$(BUILT_PRODUCTS_DIR)/Firefly.app/$(BUNDLE_EXECUTABLE_FOLDER_PATH)/Firefly";
			};
			name = Debug;
		};
		5A707B072C1C3C4000304680 /* Release */ = {
			isa = XCBuildConfiguration;
			buildSettings = {
				ALWAYS_EMBED_SWIFT_STANDARD_LIBRARIES = YES;
				BUNDLE_LOADER = "$(TEST_HOST)";
				CODE_SIGN_STYLE = Automatic;
				CURRENT_PROJECT_VERSION = 1;
				GENERATE_INFOPLIST_FILE = YES;
				IPHONEOS_DEPLOYMENT_TARGET = 17.2;
				MARKETING_VERSION = 1.0;
				PRODUCT_BUNDLE_IDENTIFIER = com.micko.FireflyTests;
				PRODUCT_NAME = "$(TARGET_NAME)";
				SWIFT_EMIT_LOC_STRINGS = NO;
				SWIFT_VERSION = 5.0;
				TARGETED_DEVICE_FAMILY = "1,2";
				TEST_HOST = "$(BUILT_PRODUCTS_DIR)/Firefly.app/$(BUNDLE_EXECUTABLE_FOLDER_PATH)/Firefly";
			};
			name = Release;
		};
		5A707B092C1C3C4000304680 /* Debug */ = {
			isa = XCBuildConfiguration;
			buildSettings = {
				ALWAYS_EMBED_SWIFT_STANDARD_LIBRARIES = YES;
				CODE_SIGN_STYLE = Automatic;
				CURRENT_PROJECT_VERSION = 1;
				GENERATE_INFOPLIST_FILE = YES;
				MARKETING_VERSION = 1.0;
				PRODUCT_BUNDLE_IDENTIFIER = com.micko.FireflyUITests;
				PRODUCT_NAME = "$(TARGET_NAME)";
				SWIFT_EMIT_LOC_STRINGS = NO;
				SWIFT_VERSION = 5.0;
				TARGETED_DEVICE_FAMILY = "1,2";
				TEST_TARGET_NAME = Firefly;
			};
			name = Debug;
		};
		5A707B0A2C1C3C4000304680 /* Release */ = {
			isa = XCBuildConfiguration;
			buildSettings = {
				ALWAYS_EMBED_SWIFT_STANDARD_LIBRARIES = YES;
				CODE_SIGN_STYLE = Automatic;
				CURRENT_PROJECT_VERSION = 1;
				GENERATE_INFOPLIST_FILE = YES;
				MARKETING_VERSION = 1.0;
				PRODUCT_BUNDLE_IDENTIFIER = com.micko.FireflyUITests;
				PRODUCT_NAME = "$(TARGET_NAME)";
				SWIFT_EMIT_LOC_STRINGS = NO;
				SWIFT_VERSION = 5.0;
				TARGETED_DEVICE_FAMILY = "1,2";
				TEST_TARGET_NAME = Firefly;
			};
			name = Release;
		};
/* End XCBuildConfiguration section */

/* Begin XCConfigurationList section */
		5A707AD92C1C3C3D00304680 /* Build configuration list for PBXProject "Firefly" */ = {
			isa = XCConfigurationList;
			buildConfigurations = (
				5A707B002C1C3C4000304680 /* Debug */,
				5A707B012C1C3C4000304680 /* Release */,
			);
			defaultConfigurationIsVisible = 0;
			defaultConfigurationName = Release;
		};
		5A707B022C1C3C4000304680 /* Build configuration list for PBXNativeTarget "Firefly" */ = {
			isa = XCConfigurationList;
			buildConfigurations = (
				5A707B032C1C3C4000304680 /* Debug */,
				5A707B042C1C3C4000304680 /* Release */,
			);
			defaultConfigurationIsVisible = 0;
			defaultConfigurationName = Release;
		};
		5A707B052C1C3C4000304680 /* Build configuration list for PBXNativeTarget "FireflyTests" */ = {
			isa = XCConfigurationList;
			buildConfigurations = (
				5A707B062C1C3C4000304680 /* Debug */,
				5A707B072C1C3C4000304680 /* Release */,
			);
			defaultConfigurationIsVisible = 0;
			defaultConfigurationName = Release;
		};
		5A707B082C1C3C4000304680 /* Build configuration list for PBXNativeTarget "FireflyUITests" */ = {
			isa = XCConfigurationList;
			buildConfigurations = (
				5A707B092C1C3C4000304680 /* Debug */,
				5A707B0A2C1C3C4000304680 /* Release */,
			);
			defaultConfigurationIsVisible = 0;
			defaultConfigurationName = Release;
		};
/* End XCConfigurationList section */
	};
	rootObject = 5A707AD62C1C3C3D00304680 /* Project object */;
}
